// !$*UTF8*$!
{
	archiveVersion = 1;
	classes = {
	};
	objectVersion = 77;
	objects = {

/* Begin PBXBuildFile section */
		076DEF122EC9FE450026D77C /* Demark in Frameworks */ = {isa = PBXBuildFile; productRef = 076DEF132EC9FE450026D77C /* Demark */; };
		076DEF612ECB52BF0026D77C /* allcases.csv in Resources */ = {isa = PBXBuildFile; fileRef = 076DEF602ECB52BF0026D77C /* allcases.csv */; };
		076DEF622ECB52BF0026D77C /* allcases.csv in Resources */ = {isa = PBXBuildFile; fileRef = 076DEF602ECB52BF0026D77C /* allcases.csv */; };
		076DEF632ECB52BF0026D77C /* allcases.csv in Resources */ = {isa = PBXBuildFile; fileRef = 076DEF602ECB52BF0026D77C /* allcases.csv */; };
		07EA7CBB2EBB71F5002AC733 /* Assets.xcassets in Resources */ = {isa = PBXBuildFile; fileRef = 07EA7CB72EBB71F5002AC733 /* Assets.xcassets */; };
		07EA7CBD2EBB71F5002AC733 /* markdownedApp.swift in Sources */ = {isa = PBXBuildFile; fileRef = 07EA7CB92EBB71F5002AC733 /* markdownedApp.swift */; };
		07EA7CDE2EBB7DF0002AC733 /* Ink in Frameworks */ = {isa = PBXBuildFile; productRef = 07EA7CDD2EBB7DF0002AC733 /* Ink */; };
		07EA7CE02EBB7DF0002AC733 /* ink-cli in Frameworks */ = {isa = PBXBuildFile; productRef = 07EA7CDF2EBB7DF0002AC733 /* ink-cli */; };
		07EA7CE62EBB7E1D002AC733 /* README-INK-Lib.md in Resources */ = {isa = PBXBuildFile; fileRef = 07EA7CE52EBB7E1D002AC733 /* README-INK-Lib.md */; };
		07EA7D122EBBD951002AC733 /* Markdown in Frameworks */ = {isa = PBXBuildFile; productRef = 07EA7D112EBBD951002AC733 /* Markdown */; };
		07EA7D142EBBD954002AC733 /* SwiftSoup in Frameworks */ = {isa = PBXBuildFile; productRef = 07EA7D132EBBD954002AC733 /* SwiftSoup */; };
		07EA7D162EBBD957002AC733 /* ZIPFoundation in Frameworks */ = {isa = PBXBuildFile; productRef = 07EA7D152EBBD957002AC733 /* ZIPFoundation */; };
		07EA80A02EBFA38D002AC733 /* TextHighlight.swift in Sources */ = {isa = PBXBuildFile; fileRef = 07EA809F2EBFA38D002AC733 /* TextHighlight.swift */; };
		07EA80A22EC1E2C9002AC733 /* Readme.md in Resources */ = {isa = PBXBuildFile; fileRef = 07EA80A12EC1E2C9002AC733 /* Readme.md */; };
		07EA80A32EC1E2C9002AC733 /* Readme.md in Resources */ = {isa = PBXBuildFile; fileRef = 07EA80A12EC1E2C9002AC733 /* Readme.md */; };
		07EA80A42EC1E2C9002AC733 /* Readme.md in Resources */ = {isa = PBXBuildFile; fileRef = 07EA80A12EC1E2C9002AC733 /* Readme.md */; };
		07EA80A62EC1E377002AC733 /* TestStrings.swift in Sources */ = {isa = PBXBuildFile; fileRef = 07EA80A52EC1E377002AC733 /* TestStrings.swift */; };
		07EA80A82EC1E48B002AC733 /* Utilities.swift in Sources */ = {isa = PBXBuildFile; fileRef = 07EA80A72EC1E48B002AC733 /* Utilities.swift */; };
		07EA80AA2EC1E4B1002AC733 /* DocHighlightingView.swift in Sources */ = {isa = PBXBuildFile; fileRef = 07EA80A92EC1E4B1002AC733 /* DocHighlightingView.swift */; };
		07EA80AC2EC1E554002AC733 /* DHTextView.swift in Sources */ = {isa = PBXBuildFile; fileRef = 07EA80AB2EC1E554002AC733 /* DHTextView.swift */; };
		07EA80AE2EC1E58F002AC733 /* DHTextHighlight.swift in Sources */ = {isa = PBXBuildFile; fileRef = 07EA80AD2EC1E58F002AC733 /* DHTextHighlight.swift */; };
		07EA80B02EC1E642002AC733 /* DHViewModel.swift in Sources */ = {isa = PBXBuildFile; fileRef = 07EA80AF2EC1E642002AC733 /* DHViewModel.swift */; };
		07EA80B22EC1E667002AC733 /* DHComposer.swift in Sources */ = {isa = PBXBuildFile; fileRef = 07EA80B12EC1E667002AC733 /* DHComposer.swift */; };
		07EA80B42EC1E800002AC733 /* Document.swift in Sources */ = {isa = PBXBuildFile; fileRef = 07EA80B32EC1E800002AC733 /* Document.swift */; };
		07EA80B62EC1E810002AC733 /* ContentLoader.swift in Sources */ = {isa = PBXBuildFile; fileRef = 07EA80B52EC1E810002AC733 /* ContentLoader.swift */; };
		07EA80B82EC1E820002AC733 /* URLEntryView.swift in Sources */ = {isa = PBXBuildFile; fileRef = 07EA80B72EC1E820002AC733 /* URLEntryView.swift */; };
		07EA80BA2EC1EA00002AC733 /* Case.swift in Sources */ = {isa = PBXBuildFile; fileRef = 07EA80B92EC1EA00002AC733 /* Case.swift */; };
		07EA80BC2EC1EA10002AC733 /* CaseDataParser.swift in Sources */ = {isa = PBXBuildFile; fileRef = 07EA80BB2EC1EA10002AC733 /* CaseDataParser.swift */; };
		07EA80BE2EC1EB00002AC733 /* Theme.swift in Sources */ = {isa = PBXBuildFile; fileRef = 07EA80BD2EC1EB00002AC733 /* Theme.swift */; };
		07EA80C02EC1EB10002AC733 /* ThemeManager.swift in Sources */ = {isa = PBXBuildFile; fileRef = 07EA80BF2EC1EB10002AC733 /* ThemeManager.swift */; };
		07EA80C22EC1EB20002AC733 /* SettingsView.swift in Sources */ = {isa = PBXBuildFile; fileRef = 07EA80C12EC1EB20002AC733 /* SettingsView.swift */; };
/* End PBXBuildFile section */

/* Begin PBXContainerItemProxy section */
		07EA7C9B2EBB71EE002AC733 /* PBXContainerItemProxy */ = {
			isa = PBXContainerItemProxy;
			containerPortal = 07EA7C852EBB71EB002AC733 /* Project object */;
			proxyType = 1;
			remoteGlobalIDString = 07EA7C8C2EBB71EC002AC733;
			remoteInfo = markdowned;
		};
		07EA7CA52EBB71EE002AC733 /* PBXContainerItemProxy */ = {
			isa = PBXContainerItemProxy;
			containerPortal = 07EA7C852EBB71EB002AC733 /* Project object */;
			proxyType = 1;
			remoteGlobalIDString = 07EA7C8C2EBB71EC002AC733;
			remoteInfo = markdowned;
		};
/* End PBXContainerItemProxy section */

/* Begin PBXFileReference section */
		076DEF602ECB52BF0026D77C /* allcases.csv */ = {isa = PBXFileReference; lastKnownFileType = text; path = allcases.csv; sourceTree = "<group>"; };
		076DEF642ECB5BB90026D77C /* Info.plist */ = {isa = PBXFileReference; lastKnownFileType = text.plist.xml; path = Info.plist; sourceTree = "<group>"; };
		07EA7C8D2EBB71EC002AC733 /* markdowned.app */ = {isa = PBXFileReference; explicitFileType = wrapper.application; includeInIndex = 0; path = markdowned.app; sourceTree = BUILT_PRODUCTS_DIR; };
		07EA7C9A2EBB71EE002AC733 /* markdownedTests.xctest */ = {isa = PBXFileReference; explicitFileType = wrapper.cfbundle; includeInIndex = 0; path = markdownedTests.xctest; sourceTree = BUILT_PRODUCTS_DIR; };
		07EA7CA42EBB71EE002AC733 /* markdownedUITests.xctest */ = {isa = PBXFileReference; explicitFileType = wrapper.cfbundle; includeInIndex = 0; path = markdownedUITests.xctest; sourceTree = BUILT_PRODUCTS_DIR; };
		07EA7CB72EBB71F5002AC733 /* Assets.xcassets */ = {isa = PBXFileReference; lastKnownFileType = folder.assetcatalog; path = Assets.xcassets; sourceTree = "<group>"; };
		07EA7CB92EBB71F5002AC733 /* markdownedApp.swift */ = {isa = PBXFileReference; lastKnownFileType = sourcecode.swift; path = markdownedApp.swift; sourceTree = "<group>"; };
		07EA7CE52EBB7E1D002AC733 /* README-INK-Lib.md */ = {isa = PBXFileReference; lastKnownFileType = net.daringfireball.markdown; path = "README-INK-Lib.md"; sourceTree = "<group>"; };
		07EA809F2EBFA38D002AC733 /* TextHighlight.swift */ = {isa = PBXFileReference; lastKnownFileType = sourcecode.swift; path = TextHighlight.swift; sourceTree = "<group>"; };
		07EA80A12EC1E2C9002AC733 /* Readme.md */ = {isa = PBXFileReference; lastKnownFileType = net.daringfireball.markdown; path = Readme.md; sourceTree = "<group>"; };
		07EA80A52EC1E377002AC733 /* TestStrings.swift */ = {isa = PBXFileReference; lastKnownFileType = sourcecode.swift; path = TestStrings.swift; sourceTree = "<group>"; };
		07EA80A72EC1E48B002AC733 /* Utilities.swift */ = {isa = PBXFileReference; lastKnownFileType = sourcecode.swift; path = Utilities.swift; sourceTree = "<group>"; };
		07EA80A92EC1E4B1002AC733 /* DocHighlightingView.swift */ = {isa = PBXFileReference; lastKnownFileType = sourcecode.swift; path = DocHighlightingView.swift; sourceTree = "<group>"; };
		07EA80AB2EC1E554002AC733 /* DHTextView.swift */ = {isa = PBXFileReference; lastKnownFileType = sourcecode.swift; path = DHTextView.swift; sourceTree = "<group>"; };
		07EA80AD2EC1E58F002AC733 /* DHTextHighlight.swift */ = {isa = PBXFileReference; lastKnownFileType = sourcecode.swift; path = DHTextHighlight.swift; sourceTree = "<group>"; };
		07EA80AF2EC1E642002AC733 /* DHViewModel.swift */ = {isa = PBXFileReference; lastKnownFileType = sourcecode.swift; path = DHViewModel.swift; sourceTree = "<group>"; };
		07EA80B12EC1E667002AC733 /* DHComposer.swift */ = {isa = PBXFileReference; lastKnownFileType = sourcecode.swift; path = DHComposer.swift; sourceTree = "<group>"; };
		07EA80B32EC1E800002AC733 /* Document.swift */ = {isa = PBXFileReference; lastKnownFileType = sourcecode.swift; path = Document.swift; sourceTree = "<group>"; };
		07EA80B52EC1E810002AC733 /* ContentLoader.swift */ = {isa = PBXFileReference; lastKnownFileType = sourcecode.swift; path = ContentLoader.swift; sourceTree = "<group>"; };
		07EA80B72EC1E820002AC733 /* URLEntryView.swift */ = {isa = PBXFileReference; lastKnownFileType = sourcecode.swift; path = URLEntryView.swift; sourceTree = "<group>"; };
		07EA80B92EC1EA00002AC733 /* Case.swift */ = {isa = PBXFileReference; lastKnownFileType = sourcecode.swift; path = Case.swift; sourceTree = "<group>"; };
		07EA80BB2EC1EA10002AC733 /* CaseDataParser.swift */ = {isa = PBXFileReference; lastKnownFileType = sourcecode.swift; path = CaseDataParser.swift; sourceTree = "<group>"; };
		07EA80BD2EC1EB00002AC733 /* Theme.swift */ = {isa = PBXFileReference; lastKnownFileType = sourcecode.swift; path = Theme.swift; sourceTree = "<group>"; };
		07EA80BF2EC1EB10002AC733 /* ThemeManager.swift */ = {isa = PBXFileReference; lastKnownFileType = sourcecode.swift; path = ThemeManager.swift; sourceTree = "<group>"; };
		07EA80C12EC1EB20002AC733 /* SettingsView.swift */ = {isa = PBXFileReference; lastKnownFileType = sourcecode.swift; path = SettingsView.swift; sourceTree = "<group>"; };
/* End PBXFileReference section */

/* Begin PBXFileSystemSynchronizedRootGroup section */
		07EA7C9D2EBB71EE002AC733 /* markdownedTests */ = {
			isa = PBXFileSystemSynchronizedRootGroup;
			path = markdownedTests;
			sourceTree = "<group>";
		};
		07EA7CA72EBB71EE002AC733 /* markdownedUITests */ = {
			isa = PBXFileSystemSynchronizedRootGroup;
			path = markdownedUITests;
			sourceTree = "<group>";
		};
/* End PBXFileSystemSynchronizedRootGroup section */

/* Begin PBXFrameworksBuildPhase section */
		07EA7C8A2EBB71EC002AC733 /* Frameworks */ = {
			isa = PBXFrameworksBuildPhase;
			buildActionMask = 2147483647;
			files = (
				07EA7D122EBBD951002AC733 /* Markdown in Frameworks */,
				07EA7D142EBBD954002AC733 /* SwiftSoup in Frameworks */,
				07EA7CE02EBB7DF0002AC733 /* ink-cli in Frameworks */,
				07EA7CDE2EBB7DF0002AC733 /* Ink in Frameworks */,
				07EA7D162EBBD957002AC733 /* ZIPFoundation in Frameworks */,
				076DEF122EC9FE450026D77C /* Demark in Frameworks */,
			);
			runOnlyForDeploymentPostprocessing = 0;
		};
		07EA7C972EBB71EE002AC733 /* Frameworks */ = {
			isa = PBXFrameworksBuildPhase;
			buildActionMask = 2147483647;
			files = (
			);
			runOnlyForDeploymentPostprocessing = 0;
		};
		07EA7CA12EBB71EE002AC733 /* Frameworks */ = {
			isa = PBXFrameworksBuildPhase;
			buildActionMask = 2147483647;
			files = (
			);
			runOnlyForDeploymentPostprocessing = 0;
		};
/* End PBXFrameworksBuildPhase section */

/* Begin PBXGroup section */
		07EA7C842EBB71EB002AC733 = {
			isa = PBXGroup;
			children = (
				07EA7CBA2EBB71F5002AC733 /* markdowned */,
				07EA7C9D2EBB71EE002AC733 /* markdownedTests */,
				07EA7CA72EBB71EE002AC733 /* markdownedUITests */,
				07EA7C8E2EBB71EC002AC733 /* Products */,
				07EA7CE52EBB7E1D002AC733 /* README-INK-Lib.md */,
				07EA7D102EBBD94C002AC733 /* Frameworks */,
			);
			sourceTree = "<group>";
		};
		07EA7C8E2EBB71EC002AC733 /* Products */ = {
			isa = PBXGroup;
			children = (
				07EA7C8D2EBB71EC002AC733 /* markdowned.app */,
				07EA7C9A2EBB71EE002AC733 /* markdownedTests.xctest */,
				07EA7CA42EBB71EE002AC733 /* markdownedUITests.xctest */,
			);
			name = Products;
			sourceTree = "<group>";
		};
		07EA7CBA2EBB71F5002AC733 /* markdowned */ = {
			isa = PBXGroup;
			children = (
				076DEF642ECB5BB90026D77C /* Info.plist */,
				07EA7CB72EBB71F5002AC733 /* Assets.xcassets */,
				07EA7CB92EBB71F5002AC733 /* markdownedApp.swift */,
				07EA809F2EBFA38D002AC733 /* TextHighlight.swift */,
				07EA80B12EC1E667002AC733 /* DHComposer.swift */,
				07EA80AF2EC1E642002AC733 /* DHViewModel.swift */,
				07EA80AD2EC1E58F002AC733 /* DHTextHighlight.swift */,
				07EA80AB2EC1E554002AC733 /* DHTextView.swift */,
				07EA80A92EC1E4B1002AC733 /* DocHighlightingView.swift */,
				07EA80A72EC1E48B002AC733 /* Utilities.swift */,
				07EA80A52EC1E377002AC733 /* TestStrings.swift */,
				07EA80A12EC1E2C9002AC733 /* Readme.md */,
				07EA80B32EC1E800002AC733 /* Document.swift */,
				07EA80B52EC1E810002AC733 /* ContentLoader.swift */,
				07EA80B72EC1E820002AC733 /* URLEntryView.swift */,
				07EA80B92EC1EA00002AC733 /* Case.swift */,
				07EA80BB2EC1EA10002AC733 /* CaseDataParser.swift */,
				07EA80BD2EC1EB00002AC733 /* Theme.swift */,
				07EA80BF2EC1EB10002AC733 /* ThemeManager.swift */,
				07EA80C12EC1EB20002AC733 /* SettingsView.swift */,
				076DEF602ECB52BF0026D77C /* allcases.csv */,
			);
			path = markdowned;
			sourceTree = "<group>";
		};
		07EA7D102EBBD94C002AC733 /* Frameworks */ = {
			isa = PBXGroup;
			children = (
			);
			name = Frameworks;
			sourceTree = "<group>";
		};
/* End PBXGroup section */

/* Begin PBXNativeTarget section */
		07EA7C8C2EBB71EC002AC733 /* markdowned */ = {
			isa = PBXNativeTarget;
			buildConfigurationList = 07EA7CAE2EBB71EE002AC733 /* Build configuration list for PBXNativeTarget "markdowned" */;
			buildPhases = (
				07EA7C892EBB71EC002AC733 /* Sources */,
				07EA7C8A2EBB71EC002AC733 /* Frameworks */,
				07EA7C8B2EBB71EC002AC733 /* Resources */,
			);
			buildRules = (
			);
			dependencies = (
			);
			name = markdowned;
			packageProductDependencies = (
				07EA7CDD2EBB7DF0002AC733 /* Ink */,
				07EA7CDF2EBB7DF0002AC733 /* ink-cli */,
				07EA7D112EBBD951002AC733 /* Markdown */,
				07EA7D132EBBD954002AC733 /* SwiftSoup */,
				07EA7D152EBBD957002AC733 /* ZIPFoundation */,
			);
			productName = markdowned;
			productReference = 07EA7C8D2EBB71EC002AC733 /* markdowned.app */;
			productType = "com.apple.product-type.application";
		};
		07EA7C992EBB71EE002AC733 /* markdownedTests */ = {
			isa = PBXNativeTarget;
			buildConfigurationList = 07EA7CB12EBB71EE002AC733 /* Build configuration list for PBXNativeTarget "markdownedTests" */;
			buildPhases = (
				07EA7C962EBB71EE002AC733 /* Sources */,
				07EA7C972EBB71EE002AC733 /* Frameworks */,
				07EA7C982EBB71EE002AC733 /* Resources */,
			);
			buildRules = (
			);
			dependencies = (
				07EA7C9C2EBB71EE002AC733 /* PBXTargetDependency */,
			);
			fileSystemSynchronizedGroups = (
				07EA7C9D2EBB71EE002AC733 /* markdownedTests */,
			);
			name = markdownedTests;
			packageProductDependencies = (
			);
			productName = markdownedTests;
			productReference = 07EA7C9A2EBB71EE002AC733 /* markdownedTests.xctest */;
			productType = "com.apple.product-type.bundle.unit-test";
		};
		07EA7CA32EBB71EE002AC733 /* markdownedUITests */ = {
			isa = PBXNativeTarget;
			buildConfigurationList = 07EA7CB42EBB71EE002AC733 /* Build configuration list for PBXNativeTarget "markdownedUITests" */;
			buildPhases = (
				07EA7CA02EBB71EE002AC733 /* Sources */,
				07EA7CA12EBB71EE002AC733 /* Frameworks */,
				07EA7CA22EBB71EE002AC733 /* Resources */,
			);
			buildRules = (
			);
			dependencies = (
				07EA7CA62EBB71EE002AC733 /* PBXTargetDependency */,
			);
			fileSystemSynchronizedGroups = (
				07EA7CA72EBB71EE002AC733 /* markdownedUITests */,
			);
			name = markdownedUITests;
			packageProductDependencies = (
			);
			productName = markdownedUITests;
			productReference = 07EA7CA42EBB71EE002AC733 /* markdownedUITests.xctest */;
			productType = "com.apple.product-type.bundle.ui-testing";
		};
/* End PBXNativeTarget section */

/* Begin PBXProject section */
		07EA7C852EBB71EB002AC733 /* Project object */ = {
			isa = PBXProject;
			attributes = {
				BuildIndependentTargetsInParallel = 1;
				LastSwiftUpdateCheck = 2600;
				LastUpgradeCheck = 2600;
				TargetAttributes = {
					07EA7C8C2EBB71EC002AC733 = {
						CreatedOnToolsVersion = 26.0;
					};
					07EA7C992EBB71EE002AC733 = {
						CreatedOnToolsVersion = 26.0;
						TestTargetID = 07EA7C8C2EBB71EC002AC733;
					};
					07EA7CA32EBB71EE002AC733 = {
						CreatedOnToolsVersion = 26.0;
						TestTargetID = 07EA7C8C2EBB71EC002AC733;
					};
				};
			};
			buildConfigurationList = 07EA7C882EBB71EB002AC733 /* Build configuration list for PBXProject "markdowned" */;
			developmentRegion = en;
			hasScannedForEncodings = 0;
			knownRegions = (
				en,
				Base,
			);
			mainGroup = 07EA7C842EBB71EB002AC733;
			minimizedProjectReferenceProxies = 1;
			packageReferences = (
				07EA7CDC2EBB7DF0002AC733 /* XCRemoteSwiftPackageReference "Ink" */,
				07EA7D0D2EBBD810002AC733 /* XCRemoteSwiftPackageReference "swift-markdown" */,
				07EA7D0E2EBBD82A002AC733 /* XCRemoteSwiftPackageReference "SwiftSoup" */,
				07EA7D0F2EBBD851002AC733 /* XCRemoteSwiftPackageReference "ZIPFoundation" */,
				076DEF112EC9FE450026D77C /* XCRemoteSwiftPackageReference "Demark" */,
			);
			preferredProjectObjectVersion = 77;
			productRefGroup = 07EA7C8E2EBB71EC002AC733 /* Products */;
			projectDirPath = "";
			projectRoot = "";
			targets = (
				07EA7C8C2EBB71EC002AC733 /* markdowned */,
				07EA7C992EBB71EE002AC733 /* markdownedTests */,
				07EA7CA32EBB71EE002AC733 /* markdownedUITests */,
			);
		};
/* End PBXProject section */

/* Begin PBXResourcesBuildPhase section */
		07EA7C8B2EBB71EC002AC733 /* Resources */ = {
			isa = PBXResourcesBuildPhase;
			buildActionMask = 2147483647;
			files = (
				07EA80A22EC1E2C9002AC733 /* Readme.md in Resources */,
				07EA7CBB2EBB71F5002AC733 /* Assets.xcassets in Resources */,
				076DEF622ECB52BF0026D77C /* allcases.csv in Resources */,
			);
			runOnlyForDeploymentPostprocessing = 0;
		};
		07EA7C982EBB71EE002AC733 /* Resources */ = {
			isa = PBXResourcesBuildPhase;
			buildActionMask = 2147483647;
			files = (
				07EA80A32EC1E2C9002AC733 /* Readme.md in Resources */,
				07EA7CE62EBB7E1D002AC733 /* README-INK-Lib.md in Resources */,
				076DEF632ECB52BF0026D77C /* allcases.csv in Resources */,
			);
			runOnlyForDeploymentPostprocessing = 0;
		};
		07EA7CA22EBB71EE002AC733 /* Resources */ = {
			isa = PBXResourcesBuildPhase;
			buildActionMask = 2147483647;
			files = (
				076DEF612ECB52BF0026D77C /* allcases.csv in Resources */,
				07EA80A42EC1E2C9002AC733 /* Readme.md in Resources */,
			);
			runOnlyForDeploymentPostprocessing = 0;
		};
/* End PBXResourcesBuildPhase section */

/* Begin PBXSourcesBuildPhase section */
		07EA7C892EBB71EC002AC733 /* Sources */ = {
			isa = PBXSourcesBuildPhase;
			buildActionMask = 2147483647;
			files = (
				07EA80AA2EC1E4B1002AC733 /* DocHighlightingView.swift in Sources */,
				07EA80B02EC1E642002AC733 /* DHViewModel.swift in Sources */,
				07EA80AE2EC1E58F002AC733 /* DHTextHighlight.swift in Sources */,
				07EA80A82EC1E48B002AC733 /* Utilities.swift in Sources */,
				07EA80A62EC1E377002AC733 /* TestStrings.swift in Sources */,
				07EA80A02EBFA38D002AC733 /* TextHighlight.swift in Sources */,
				07EA80B22EC1E667002AC733 /* DHComposer.swift in Sources */,
				07EA7CBD2EBB71F5002AC733 /* markdownedApp.swift in Sources */,
				07EA80AC2EC1E554002AC733 /* DHTextView.swift in Sources */,
				07EA80B42EC1E800002AC733 /* Document.swift in Sources */,
				07EA80B62EC1E810002AC733 /* ContentLoader.swift in Sources */,
				07EA80B82EC1E820002AC733 /* URLEntryView.swift in Sources */,
				07EA80BA2EC1EA00002AC733 /* Case.swift in Sources */,
				07EA80BC2EC1EA10002AC733 /* CaseDataParser.swift in Sources */,
				07EA80BE2EC1EB00002AC733 /* Theme.swift in Sources */,
				07EA80C02EC1EB10002AC733 /* ThemeManager.swift in Sources */,
				07EA80C22EC1EB20002AC733 /* SettingsView.swift in Sources */,
			);
			runOnlyForDeploymentPostprocessing = 0;
		};
		07EA7C962EBB71EE002AC733 /* Sources */ = {
			isa = PBXSourcesBuildPhase;
			buildActionMask = 2147483647;
			files = (
			);
			runOnlyForDeploymentPostprocessing = 0;
		};
		07EA7CA02EBB71EE002AC733 /* Sources */ = {
			isa = PBXSourcesBuildPhase;
			buildActionMask = 2147483647;
			files = (
			);
			runOnlyForDeploymentPostprocessing = 0;
		};
/* End PBXSourcesBuildPhase section */

/* Begin PBXTargetDependency section */
		07EA7C9C2EBB71EE002AC733 /* PBXTargetDependency */ = {
			isa = PBXTargetDependency;
			target = 07EA7C8C2EBB71EC002AC733 /* markdowned */;
			targetProxy = 07EA7C9B2EBB71EE002AC733 /* PBXContainerItemProxy */;
		};
		07EA7CA62EBB71EE002AC733 /* PBXTargetDependency */ = {
			isa = PBXTargetDependency;
			target = 07EA7C8C2EBB71EC002AC733 /* markdowned */;
			targetProxy = 07EA7CA52EBB71EE002AC733 /* PBXContainerItemProxy */;
		};
/* End PBXTargetDependency section */

/* Begin XCBuildConfiguration section */
		07EA7CAC2EBB71EE002AC733 /* Debug */ = {
			isa = XCBuildConfiguration;
			buildSettings = {
				ALWAYS_SEARCH_USER_PATHS = NO;
				ASSETCATALOG_COMPILER_GENERATE_SWIFT_ASSET_SYMBOL_EXTENSIONS = YES;
				CLANG_ANALYZER_NONNULL = YES;
				CLANG_ANALYZER_NUMBER_OBJECT_CONVERSION = YES_AGGRESSIVE;
				CLANG_CXX_LANGUAGE_STANDARD = "gnu++20";
				CLANG_ENABLE_MODULES = YES;
				CLANG_ENABLE_OBJC_ARC = YES;
				CLANG_ENABLE_OBJC_WEAK = YES;
				CLANG_WARN_BLOCK_CAPTURE_AUTORELEASING = YES;
				CLANG_WARN_BOOL_CONVERSION = YES;
				CLANG_WARN_COMMA = YES;
				CLANG_WARN_CONSTANT_CONVERSION = YES;
				CLANG_WARN_DEPRECATED_OBJC_IMPLEMENTATIONS = YES;
				CLANG_WARN_DIRECT_OBJC_ISA_USAGE = YES_ERROR;
				CLANG_WARN_DOCUMENTATION_COMMENTS = YES;
				CLANG_WARN_EMPTY_BODY = YES;
				CLANG_WARN_ENUM_CONVERSION = YES;
				CLANG_WARN_INFINITE_RECURSION = YES;
				CLANG_WARN_INT_CONVERSION = YES;
				CLANG_WARN_NON_LITERAL_NULL_CONVERSION = YES;
				CLANG_WARN_OBJC_IMPLICIT_RETAIN_SELF = YES;
				CLANG_WARN_OBJC_LITERAL_CONVERSION = YES;
				CLANG_WARN_OBJC_ROOT_CLASS = YES_ERROR;
				CLANG_WARN_QUOTED_INCLUDE_IN_FRAMEWORK_HEADER = YES;
				CLANG_WARN_RANGE_LOOP_ANALYSIS = YES;
				CLANG_WARN_STRICT_PROTOTYPES = YES;
				CLANG_WARN_SUSPICIOUS_MOVE = YES;
				CLANG_WARN_UNGUARDED_AVAILABILITY = YES_AGGRESSIVE;
				CLANG_WARN_UNREACHABLE_CODE = YES;
				CLANG_WARN__DUPLICATE_METHOD_MATCH = YES;
				COPY_PHASE_STRIP = NO;
				DEBUG_INFORMATION_FORMAT = dwarf;
				DEVELOPMENT_TEAM = 483MXLSNKF;
				ENABLE_STRICT_OBJC_MSGSEND = YES;
				ENABLE_TESTABILITY = YES;
				ENABLE_USER_SCRIPT_SANDBOXING = YES;
				GCC_C_LANGUAGE_STANDARD = gnu17;
				GCC_DYNAMIC_NO_PIC = NO;
				GCC_NO_COMMON_BLOCKS = YES;
				GCC_OPTIMIZATION_LEVEL = 0;
				GCC_PREPROCESSOR_DEFINITIONS = (
					"DEBUG=1",
					"$(inherited)",
				);
				GCC_WARN_64_TO_32_BIT_CONVERSION = YES;
				GCC_WARN_ABOUT_RETURN_TYPE = YES_ERROR;
				GCC_WARN_UNDECLARED_SELECTOR = YES;
				GCC_WARN_UNINITIALIZED_AUTOS = YES_AGGRESSIVE;
				GCC_WARN_UNUSED_FUNCTION = YES;
				GCC_WARN_UNUSED_VARIABLE = YES;
				LOCALIZATION_PREFERS_STRING_CATALOGS = YES;
				MTL_ENABLE_DEBUG_INFO = INCLUDE_SOURCE;
				MTL_FAST_MATH = YES;
				ONLY_ACTIVE_ARCH = YES;
				SWIFT_ACTIVE_COMPILATION_CONDITIONS = "DEBUG $(inherited)";
				SWIFT_OPTIMIZATION_LEVEL = "-Onone";
			};
			name = Debug;
		};
		07EA7CAD2EBB71EE002AC733 /* Release */ = {
			isa = XCBuildConfiguration;
			buildSettings = {
				ALWAYS_SEARCH_USER_PATHS = NO;
				ASSETCATALOG_COMPILER_GENERATE_SWIFT_ASSET_SYMBOL_EXTENSIONS = YES;
				CLANG_ANALYZER_NONNULL = YES;
				CLANG_ANALYZER_NUMBER_OBJECT_CONVERSION = YES_AGGRESSIVE;
				CLANG_CXX_LANGUAGE_STANDARD = "gnu++20";
				CLANG_ENABLE_MODULES = YES;
				CLANG_ENABLE_OBJC_ARC = YES;
				CLANG_ENABLE_OBJC_WEAK = YES;
				CLANG_WARN_BLOCK_CAPTURE_AUTORELEASING = YES;
				CLANG_WARN_BOOL_CONVERSION = YES;
				CLANG_WARN_COMMA = YES;
				CLANG_WARN_CONSTANT_CONVERSION = YES;
				CLANG_WARN_DEPRECATED_OBJC_IMPLEMENTATIONS = YES;
				CLANG_WARN_DIRECT_OBJC_ISA_USAGE = YES_ERROR;
				CLANG_WARN_DOCUMENTATION_COMMENTS = YES;
				CLANG_WARN_EMPTY_BODY = YES;
				CLANG_WARN_ENUM_CONVERSION = YES;
				CLANG_WARN_INFINITE_RECURSION = YES;
				CLANG_WARN_INT_CONVERSION = YES;
				CLANG_WARN_NON_LITERAL_NULL_CONVERSION = YES;
				CLANG_WARN_OBJC_IMPLICIT_RETAIN_SELF = YES;
				CLANG_WARN_OBJC_LITERAL_CONVERSION = YES;
				CLANG_WARN_OBJC_ROOT_CLASS = YES_ERROR;
				CLANG_WARN_QUOTED_INCLUDE_IN_FRAMEWORK_HEADER = YES;
				CLANG_WARN_RANGE_LOOP_ANALYSIS = YES;
				CLANG_WARN_STRICT_PROTOTYPES = YES;
				CLANG_WARN_SUSPICIOUS_MOVE = YES;
				CLANG_WARN_UNGUARDED_AVAILABILITY = YES_AGGRESSIVE;
				CLANG_WARN_UNREACHABLE_CODE = YES;
				CLANG_WARN__DUPLICATE_METHOD_MATCH = YES;
				COPY_PHASE_STRIP = NO;
				DEBUG_INFORMATION_FORMAT = "dwarf-with-dsym";
				DEVELOPMENT_TEAM = 483MXLSNKF;
				ENABLE_NS_ASSERTIONS = NO;
				ENABLE_STRICT_OBJC_MSGSEND = YES;
				ENABLE_USER_SCRIPT_SANDBOXING = YES;
				GCC_C_LANGUAGE_STANDARD = gnu17;
				GCC_NO_COMMON_BLOCKS = YES;
				GCC_WARN_64_TO_32_BIT_CONVERSION = YES;
				GCC_WARN_ABOUT_RETURN_TYPE = YES_ERROR;
				GCC_WARN_UNDECLARED_SELECTOR = YES;
				GCC_WARN_UNINITIALIZED_AUTOS = YES_AGGRESSIVE;
				GCC_WARN_UNUSED_FUNCTION = YES;
				GCC_WARN_UNUSED_VARIABLE = YES;
				LOCALIZATION_PREFERS_STRING_CATALOGS = YES;
				MTL_ENABLE_DEBUG_INFO = NO;
				MTL_FAST_MATH = YES;
				SWIFT_COMPILATION_MODE = wholemodule;
			};
			name = Release;
		};
		07EA7CAF2EBB71EE002AC733 /* Debug */ = {
			isa = XCBuildConfiguration;
			buildSettings = {
				ASSETCATALOG_COMPILER_APPICON_NAME = AppIcon;
				ASSETCATALOG_COMPILER_GLOBAL_ACCENT_COLOR_NAME = AccentColor;
				CODE_SIGN_STYLE = Automatic;
				CURRENT_PROJECT_VERSION = 1;
				DEVELOPMENT_TEAM = 483MXLSNKF;
				ENABLE_APP_SANDBOX = YES;
				ENABLE_FILE_ACCESS_DOWNLOADS_FOLDER = readwrite;
				ENABLE_FILE_ACCESS_MOVIES_FOLDER = readwrite;
				ENABLE_FILE_ACCESS_MUSIC_FOLDER = readwrite;
				ENABLE_FILE_ACCESS_PICTURE_FOLDER = readwrite;
				ENABLE_HARDENED_RUNTIME = YES;
				ENABLE_INCOMING_NETWORK_CONNECTIONS = YES;
				ENABLE_OUTGOING_NETWORK_CONNECTIONS = YES;
				ENABLE_PREVIEWS = YES;
				ENABLE_RESOURCE_ACCESS_AUDIO_INPUT = NO;
				ENABLE_RESOURCE_ACCESS_BLUETOOTH = NO;
				ENABLE_RESOURCE_ACCESS_CALENDARS = NO;
				ENABLE_RESOURCE_ACCESS_CAMERA = NO;
				ENABLE_RESOURCE_ACCESS_CONTACTS = NO;
				ENABLE_RESOURCE_ACCESS_LOCATION = NO;
				ENABLE_RESOURCE_ACCESS_PRINTING = NO;
				ENABLE_RESOURCE_ACCESS_USB = NO;
				ENABLE_USER_SELECTED_FILES = readwrite;
				GENERATE_INFOPLIST_FILE = YES;
				INFOPLIST_FILE = markdowned/Info.plist;
				"INFOPLIST_KEY_UIApplicationSceneManifest_Generation[sdk=iphoneos*]" = YES;
				"INFOPLIST_KEY_UIApplicationSceneManifest_Generation[sdk=iphonesimulator*]" = YES;
				"INFOPLIST_KEY_UIApplicationSupportsIndirectInputEvents[sdk=iphoneos*]" = YES;
				"INFOPLIST_KEY_UIApplicationSupportsIndirectInputEvents[sdk=iphonesimulator*]" = YES;
				"INFOPLIST_KEY_UILaunchScreen_Generation[sdk=iphoneos*]" = YES;
				"INFOPLIST_KEY_UILaunchScreen_Generation[sdk=iphonesimulator*]" = YES;
				"INFOPLIST_KEY_UIStatusBarStyle[sdk=iphoneos*]" = UIStatusBarStyleDefault;
				"INFOPLIST_KEY_UIStatusBarStyle[sdk=iphonesimulator*]" = UIStatusBarStyleDefault;
				INFOPLIST_KEY_UISupportedInterfaceOrientations_iPad = "UIInterfaceOrientationPortrait UIInterfaceOrientationPortraitUpsideDown UIInterfaceOrientationLandscapeLeft UIInterfaceOrientationLandscapeRight";
				INFOPLIST_KEY_UISupportedInterfaceOrientations_iPhone = "UIInterfaceOrientationPortrait UIInterfaceOrientationLandscapeLeft UIInterfaceOrientationLandscapeRight";
				IPHONEOS_DEPLOYMENT_TARGET = 26.0;
				LD_RUNPATH_SEARCH_PATHS = "@executable_path/Frameworks";
				"LD_RUNPATH_SEARCH_PATHS[sdk=macosx*]" = "@executable_path/../Frameworks";
				MACOSX_DEPLOYMENT_TARGET = 26.0;
				MARKETING_VERSION = 1.0;
				PRODUCT_BUNDLE_IDENTIFIER = com.novasoft.markdowned;
				PRODUCT_NAME = "$(TARGET_NAME)";
				REGISTER_APP_GROUPS = YES;
				SDKROOT = auto;
				STRING_CATALOG_GENERATE_SYMBOLS = YES;
				SUPPORTED_PLATFORMS = "iphoneos iphonesimulator xros xrsimulator";
				SUPPORTS_MACCATALYST = YES;
				SWIFT_APPROACHABLE_CONCURRENCY = YES;
				SWIFT_DEFAULT_ACTOR_ISOLATION = MainActor;
				SWIFT_EMIT_LOC_STRINGS = YES;
				SWIFT_UPCOMING_FEATURE_MEMBER_IMPORT_VISIBILITY = YES;
				SWIFT_VERSION = 5.0;
				TARGETED_DEVICE_FAMILY = "1,2,6,7";
				XROS_DEPLOYMENT_TARGET = 26.0;
			};
			name = Debug;
		};
		07EA7CB02EBB71EE002AC733 /* Release */ = {
			isa = XCBuildConfiguration;
			buildSettings = {
				ASSETCATALOG_COMPILER_APPICON_NAME = AppIcon;
				ASSETCATALOG_COMPILER_GLOBAL_ACCENT_COLOR_NAME = AccentColor;
				CODE_SIGN_STYLE = Automatic;
				CURRENT_PROJECT_VERSION = 1;
				DEVELOPMENT_TEAM = 483MXLSNKF;
				ENABLE_APP_SANDBOX = YES;
				ENABLE_FILE_ACCESS_DOWNLOADS_FOLDER = readwrite;
				ENABLE_FILE_ACCESS_MOVIES_FOLDER = readwrite;
				ENABLE_FILE_ACCESS_MUSIC_FOLDER = readwrite;
				ENABLE_FILE_ACCESS_PICTURE_FOLDER = readwrite;
				ENABLE_HARDENED_RUNTIME = YES;
				ENABLE_INCOMING_NETWORK_CONNECTIONS = YES;
				ENABLE_OUTGOING_NETWORK_CONNECTIONS = YES;
				ENABLE_PREVIEWS = YES;
				ENABLE_RESOURCE_ACCESS_AUDIO_INPUT = NO;
				ENABLE_RESOURCE_ACCESS_BLUETOOTH = NO;
				ENABLE_RESOURCE_ACCESS_CALENDARS = NO;
				ENABLE_RESOURCE_ACCESS_CAMERA = NO;
				ENABLE_RESOURCE_ACCESS_CONTACTS = NO;
				ENABLE_RESOURCE_ACCESS_LOCATION = NO;
				ENABLE_RESOURCE_ACCESS_PRINTING = NO;
				ENABLE_RESOURCE_ACCESS_USB = NO;
				ENABLE_USER_SELECTED_FILES = readwrite;
				GENERATE_INFOPLIST_FILE = YES;
				INFOPLIST_FILE = markdowned/Info.plist;
				"INFOPLIST_KEY_UIApplicationSceneManifest_Generation[sdk=iphoneos*]" = YES;
				"INFOPLIST_KEY_UIApplicationSceneManifest_Generation[sdk=iphonesimulator*]" = YES;
				"INFOPLIST_KEY_UIApplicationSupportsIndirectInputEvents[sdk=iphoneos*]" = YES;
				"INFOPLIST_KEY_UIApplicationSupportsIndirectInputEvents[sdk=iphonesimulator*]" = YES;
				"INFOPLIST_KEY_UILaunchScreen_Generation[sdk=iphoneos*]" = YES;
				"INFOPLIST_KEY_UILaunchScreen_Generation[sdk=iphonesimulator*]" = YES;
				"INFOPLIST_KEY_UIStatusBarStyle[sdk=iphoneos*]" = UIStatusBarStyleDefault;
				"INFOPLIST_KEY_UIStatusBarStyle[sdk=iphonesimulator*]" = UIStatusBarStyleDefault;
				INFOPLIST_KEY_UISupportedInterfaceOrientations_iPad = "UIInterfaceOrientationPortrait UIInterfaceOrientationPortraitUpsideDown UIInterfaceOrientationLandscapeLeft UIInterfaceOrientationLandscapeRight";
				INFOPLIST_KEY_UISupportedInterfaceOrientations_iPhone = "UIInterfaceOrientationPortrait UIInterfaceOrientationLandscapeLeft UIInterfaceOrientationLandscapeRight";
				IPHONEOS_DEPLOYMENT_TARGET = 26.0;
				LD_RUNPATH_SEARCH_PATHS = "@executable_path/Frameworks";
				"LD_RUNPATH_SEARCH_PATHS[sdk=macosx*]" = "@executable_path/../Frameworks";
				MACOSX_DEPLOYMENT_TARGET = 26.0;
				MARKETING_VERSION = 1.0;
				PRODUCT_BUNDLE_IDENTIFIER = com.novasoft.markdowned;
				PRODUCT_NAME = "$(TARGET_NAME)";
				REGISTER_APP_GROUPS = YES;
				SDKROOT = auto;
				STRING_CATALOG_GENERATE_SYMBOLS = YES;
				SUPPORTED_PLATFORMS = "iphoneos iphonesimulator xros xrsimulator";
				SUPPORTS_MACCATALYST = YES;
				SWIFT_APPROACHABLE_CONCURRENCY = YES;
				SWIFT_DEFAULT_ACTOR_ISOLATION = MainActor;
				SWIFT_EMIT_LOC_STRINGS = YES;
				SWIFT_UPCOMING_FEATURE_MEMBER_IMPORT_VISIBILITY = YES;
				SWIFT_VERSION = 5.0;
				TARGETED_DEVICE_FAMILY = "1,2,6,7";
				XROS_DEPLOYMENT_TARGET = 26.0;
			};
			name = Release;
		};
		07EA7CB22EBB71EE002AC733 /* Debug */ = {
			isa = XCBuildConfiguration;
			buildSettings = {
				BUNDLE_LOADER = "$(TEST_HOST)";
				CODE_SIGN_STYLE = Automatic;
				CURRENT_PROJECT_VERSION = 1;
				DEVELOPMENT_TEAM = 483MXLSNKF;
				GENERATE_INFOPLIST_FILE = YES;
				IPHONEOS_DEPLOYMENT_TARGET = 26.0;
				MACOSX_DEPLOYMENT_TARGET = 26.0;
				MARKETING_VERSION = 1.0;
				PRODUCT_BUNDLE_IDENTIFIER = com.novasoft.markdownedTests;
				PRODUCT_NAME = "$(TARGET_NAME)";
				SDKROOT = auto;
				STRING_CATALOG_GENERATE_SYMBOLS = NO;
				SUPPORTED_PLATFORMS = "iphoneos iphonesimulator macosx xros xrsimulator";
				SWIFT_APPROACHABLE_CONCURRENCY = YES;
				SWIFT_EMIT_LOC_STRINGS = NO;
				SWIFT_UPCOMING_FEATURE_MEMBER_IMPORT_VISIBILITY = YES;
				SWIFT_VERSION = 5.0;
				TARGETED_DEVICE_FAMILY = "1,2,7";
				TEST_HOST = "$(BUILT_PRODUCTS_DIR)/markdowned.app/$(BUNDLE_EXECUTABLE_FOLDER_PATH)/markdowned";
				XROS_DEPLOYMENT_TARGET = 26.0;
			};
			name = Debug;
		};
		07EA7CB32EBB71EE002AC733 /* Release */ = {
			isa = XCBuildConfiguration;
			buildSettings = {
				BUNDLE_LOADER = "$(TEST_HOST)";
				CODE_SIGN_STYLE = Automatic;
				CURRENT_PROJECT_VERSION = 1;
				DEVELOPMENT_TEAM = 483MXLSNKF;
				GENERATE_INFOPLIST_FILE = YES;
				IPHONEOS_DEPLOYMENT_TARGET = 26.0;
				MACOSX_DEPLOYMENT_TARGET = 26.0;
				MARKETING_VERSION = 1.0;
				PRODUCT_BUNDLE_IDENTIFIER = com.novasoft.markdownedTests;
				PRODUCT_NAME = "$(TARGET_NAME)";
				SDKROOT = auto;
				STRING_CATALOG_GENERATE_SYMBOLS = NO;
				SUPPORTED_PLATFORMS = "iphoneos iphonesimulator macosx xros xrsimulator";
				SWIFT_APPROACHABLE_CONCURRENCY = YES;
				SWIFT_EMIT_LOC_STRINGS = NO;
				SWIFT_UPCOMING_FEATURE_MEMBER_IMPORT_VISIBILITY = YES;
				SWIFT_VERSION = 5.0;
				TARGETED_DEVICE_FAMILY = "1,2,7";
				TEST_HOST = "$(BUILT_PRODUCTS_DIR)/markdowned.app/$(BUNDLE_EXECUTABLE_FOLDER_PATH)/markdowned";
				XROS_DEPLOYMENT_TARGET = 26.0;
			};
			name = Release;
		};
		07EA7CB52EBB71EE002AC733 /* Debug */ = {
			isa = XCBuildConfiguration;
			buildSettings = {
				CODE_SIGN_STYLE = Automatic;
				CURRENT_PROJECT_VERSION = 1;
				DEVELOPMENT_TEAM = 483MXLSNKF;
				GENERATE_INFOPLIST_FILE = YES;
				IPHONEOS_DEPLOYMENT_TARGET = 26.0;
				MACOSX_DEPLOYMENT_TARGET = 26.0;
				MARKETING_VERSION = 1.0;
				PRODUCT_BUNDLE_IDENTIFIER = com.novasoft.markdownedUITests;
				PRODUCT_NAME = "$(TARGET_NAME)";
				SDKROOT = auto;
				STRING_CATALOG_GENERATE_SYMBOLS = NO;
				SUPPORTED_PLATFORMS = "iphoneos iphonesimulator macosx xros xrsimulator";
				SWIFT_APPROACHABLE_CONCURRENCY = YES;
				SWIFT_EMIT_LOC_STRINGS = NO;
				SWIFT_UPCOMING_FEATURE_MEMBER_IMPORT_VISIBILITY = YES;
				SWIFT_VERSION = 5.0;
				TARGETED_DEVICE_FAMILY = "1,2,7";
				TEST_TARGET_NAME = markdowned;
				XROS_DEPLOYMENT_TARGET = 26.0;
			};
			name = Debug;
		};
		07EA7CB62EBB71EE002AC733 /* Release */ = {
			isa = XCBuildConfiguration;
			buildSettings = {
				CODE_SIGN_STYLE = Automatic;
				CURRENT_PROJECT_VERSION = 1;
				DEVELOPMENT_TEAM = 483MXLSNKF;
				GENERATE_INFOPLIST_FILE = YES;
				IPHONEOS_DEPLOYMENT_TARGET = 26.0;
				MACOSX_DEPLOYMENT_TARGET = 26.0;
				MARKETING_VERSION = 1.0;
				PRODUCT_BUNDLE_IDENTIFIER = com.novasoft.markdownedUITests;
				PRODUCT_NAME = "$(TARGET_NAME)";
				SDKROOT = auto;
				STRING_CATALOG_GENERATE_SYMBOLS = NO;
				SUPPORTED_PLATFORMS = "iphoneos iphonesimulator macosx xros xrsimulator";
				SWIFT_APPROACHABLE_CONCURRENCY = YES;
				SWIFT_EMIT_LOC_STRINGS = NO;
				SWIFT_UPCOMING_FEATURE_MEMBER_IMPORT_VISIBILITY = YES;
				SWIFT_VERSION = 5.0;
				TARGETED_DEVICE_FAMILY = "1,2,7";
				TEST_TARGET_NAME = markdowned;
				XROS_DEPLOYMENT_TARGET = 26.0;
			};
			name = Release;
		};
/* End XCBuildConfiguration section */

/* Begin XCConfigurationList section */
		07EA7C882EBB71EB002AC733 /* Build configuration list for PBXProject "markdowned" */ = {
			isa = XCConfigurationList;
			buildConfigurations = (
				07EA7CAC2EBB71EE002AC733 /* Debug */,
				07EA7CAD2EBB71EE002AC733 /* Release */,
			);
			defaultConfigurationIsVisible = 0;
			defaultConfigurationName = Release;
		};
		07EA7CAE2EBB71EE002AC733 /* Build configuration list for PBXNativeTarget "markdowned" */ = {
			isa = XCConfigurationList;
			buildConfigurations = (
				07EA7CAF2EBB71EE002AC733 /* Debug */,
				07EA7CB02EBB71EE002AC733 /* Release */,
			);
			defaultConfigurationIsVisible = 0;
			defaultConfigurationName = Release;
		};
		07EA7CB12EBB71EE002AC733 /* Build configuration list for PBXNativeTarget "markdownedTests" */ = {
			isa = XCConfigurationList;
			buildConfigurations = (
				07EA7CB22EBB71EE002AC733 /* Debug */,
				07EA7CB32EBB71EE002AC733 /* Release */,
			);
			defaultConfigurationIsVisible = 0;
			defaultConfigurationName = Release;
		};
		07EA7CB42EBB71EE002AC733 /* Build configuration list for PBXNativeTarget "markdownedUITests" */ = {
			isa = XCConfigurationList;
			buildConfigurations = (
				07EA7CB52EBB71EE002AC733 /* Debug */,
				07EA7CB62EBB71EE002AC733 /* Release */,
			);
			defaultConfigurationIsVisible = 0;
			defaultConfigurationName = Release;
		};
/* End XCConfigurationList section */

/* Begin XCRemoteSwiftPackageReference section */
		076DEF112EC9FE450026D77C /* XCRemoteSwiftPackageReference "Demark" */ = {
			isa = XCRemoteSwiftPackageReference;
			repositoryURL = "https://github.com/steipete/Demark";
			requirement = {
				kind = upToNextMajorVersion;
				minimumVersion = 1.0.0;
			};
		};
		07EA7CDC2EBB7DF0002AC733 /* XCRemoteSwiftPackageReference "Ink" */ = {
			isa = XCRemoteSwiftPackageReference;
			repositoryURL = "https://github.com/JohnSundell/Ink.git";
			requirement = {
				kind = upToNextMajorVersion;
				minimumVersion = 0.6.0;
			};
		};
		07EA7D0D2EBBD810002AC733 /* XCRemoteSwiftPackageReference "swift-markdown" */ = {
			isa = XCRemoteSwiftPackageReference;
			repositoryURL = "https://github.com/apple/swift-markdown.git";
			requirement = {
				kind = upToNextMajorVersion;
				minimumVersion = 0.7.3;
			};
		};
		07EA7D0E2EBBD82A002AC733 /* XCRemoteSwiftPackageReference "SwiftSoup" */ = {
			isa = XCRemoteSwiftPackageReference;
			repositoryURL = "https://github.com/scinfu/SwiftSoup.git";
			requirement = {
				kind = upToNextMajorVersion;
				minimumVersion = 2.11.1;
			};
		};
		07EA7D0F2EBBD851002AC733 /* XCRemoteSwiftPackageReference "ZIPFoundation" */ = {
			isa = XCRemoteSwiftPackageReference;
			repositoryURL = "https://github.com/weichsel/ZIPFoundation.git";
			requirement = {
				kind = upToNextMajorVersion;
				minimumVersion = 0.9.20;
			};
		};
/* End XCRemoteSwiftPackageReference section */

/* Begin XCSwiftPackageProductDependency section */
		076DEF132EC9FE450026D77C /* Demark */ = {
			isa = XCSwiftPackageProductDependency;
			package = 076DEF112EC9FE450026D77C /* XCRemoteSwiftPackageReference "Demark" */;
			productName = Demark;
		};
		07EA7CDD2EBB7DF0002AC733 /* Ink */ = {
			isa = XCSwiftPackageProductDependency;
			package = 07EA7CDC2EBB7DF0002AC733 /* XCRemoteSwiftPackageReference "Ink" */;
			productName = Ink;
		};
		07EA7CDF2EBB7DF0002AC733 /* ink-cli */ = {
			isa = XCSwiftPackageProductDependency;
			package = 07EA7CDC2EBB7DF0002AC733 /* XCRemoteSwiftPackageReference "Ink" */;
			productName = "ink-cli";
		};
		07EA7D112EBBD951002AC733 /* Markdown */ = {
			isa = XCSwiftPackageProductDependency;
			package = 07EA7D0D2EBBD810002AC733 /* XCRemoteSwiftPackageReference "swift-markdown" */;
			productName = Markdown;
		};
		07EA7D132EBBD954002AC733 /* SwiftSoup */ = {
			isa = XCSwiftPackageProductDependency;
			package = 07EA7D0E2EBBD82A002AC733 /* XCRemoteSwiftPackageReference "SwiftSoup" */;
			productName = SwiftSoup;
		};
		07EA7D152EBBD957002AC733 /* ZIPFoundation */ = {
			isa = XCSwiftPackageProductDependency;
			package = 07EA7D0F2EBBD851002AC733 /* XCRemoteSwiftPackageReference "ZIPFoundation" */;
			productName = ZIPFoundation;
		};
/* End XCSwiftPackageProductDependency section */
	};
	rootObject = 07EA7C852EBB71EB002AC733 /* Project object */;
}
